<?xml version="1.0" encoding="utf-8"?>
<Project ToolsVersion="16.0" xmlns="http://schemas.microsoft.com/developer/msbuild/2003">
  <ItemGroup>
    <CustomBuild Include="C:\Liza_stuff\dhack\leptonica\vs16-x64\CMakeFiles\07ce857ed9eaed57ac75b5dd32caf7eb\INSTALL_force.rule">
      <Filter>CMake Rules</Filter>
    </CustomBuild>
  </ItemGroup>
  <ItemGroup>
    <Filter Include="CMake Rules">
      <UniqueIdentifier>{14D972CB-3250-3DDA-8DA7-3D2136E1CAE8}</UniqueIdentifier>
    </Filter>
  </ItemGroup>
</Project>
