<?xml version="1.0" encoding="utf-8"?>
<Project ToolsVersion="16.0" xmlns="http://schemas.microsoft.com/developer/msbuild/2003">
  <ItemGroup>
    <CustomBuild Include="C:\Liza_stuff\leptonica\vs16-x64\CMakeFiles\d21436f3bb659b7a28cecfdb84f241d0\uninstall.rule">
      <Filter>CMake Rules</Filter>
    </CustomBuild>
    <CustomBuild Include="C:\Liza_stuff\leptonica\CMakeLists.txt" />
  </ItemGroup>
  <ItemGroup>
    <None Include="C:\Liza_stuff\leptonica\vs16-x64\CMakeFiles\uninstall" />
  </ItemGroup>
  <ItemGroup>
    <Filter Include="CMake Rules">
      <UniqueIdentifier>{133D3A56-AA76-3C57-B731-3A115556918C}</UniqueIdentifier>
    </Filter>
  </ItemGroup>
</Project>
