
Microsoft Visual Studio Solution File, Format Version 12.00
# Visual Studio Version 16
VisualStudioVersion = 16.0.30114.105
MinimumVisualStudioVersion = 10.0.40219.1
Project("{FAE04EC0-301F-11D3-BF4B-00C04F79EFBC}") = "recognition_test", "recognition_test\recognition_test.csproj", "{E6A04714-DC67-495A-B611-396BFD35E7DA}"
	ProjectSection(ProjectDependencies) = postProject
		{E16CC935-E832-32D0-8603-C2E800734BB6} = {E16CC935-E832-32D0-8603-C2E800734BB6}
		{45A8B487-5FF9-3775-99FC-1B60F50896D3} = {45A8B487-5FF9-3775-99FC-1B60F50896D3}
		{21D052EC-CFD1-383B-9CBD-807721497C41} = {21D052EC-CFD1-383B-9CBD-807721497C41}
	EndProjectSection
EndProject
Project("{FAE04EC0-301F-11D3-BF4B-00C04F79EFBC}") = "Parser", "Parser\Parser.csproj", "{4DBC5387-A896-4B9D-864F-6BDC75B046D8}"
EndProject
Project("{8BC9CEB8-8B4A-11D0-8D11-00A0C91BC942}") = "libtesseract", "..\tesseract\vs16-x64\libtesseract.vcxproj", "{45A8B487-5FF9-3775-99FC-1B60F50896D3}"
EndProject
Project("{8BC9CEB8-8B4A-11D0-8D11-00A0C91BC942}") = "tesseract", "..\tesseract\vs16-x64\tesseract.vcxproj", "{E16CC935-E832-32D0-8603-C2E800734BB6}"
EndProject
Project("{8BC9CEB8-8B4A-11D0-8D11-00A0C91BC942}") = "leptonica", "..\leptonica\vs16-x64\src\leptonica.vcxproj", "{21D052EC-CFD1-383B-9CBD-807721497C41}"
EndProject
Global
	GlobalSection(SolutionConfigurationPlatforms) = preSolution
		Debug|Any CPU = Debug|Any CPU
		Debug|x64 = Debug|x64
		MinSizeRel|Any CPU = MinSizeRel|Any CPU
		MinSizeRel|x64 = MinSizeRel|x64
		Release|Any CPU = Release|Any CPU
		Release|x64 = Release|x64
		RelWithDebInfo|Any CPU = RelWithDebInfo|Any CPU
		RelWithDebInfo|x64 = RelWithDebInfo|x64
	EndGlobalSection
	GlobalSection(ProjectConfigurationPlatforms) = postSolution
		{E6A04714-DC67-495A-B611-396BFD35E7DA}.Debug|Any CPU.ActiveCfg = Debug|Any CPU
		{E6A04714-DC67-495A-B611-396BFD35E7DA}.Debug|Any CPU.Build.0 = Debug|Any CPU
		{E6A04714-DC67-495A-B611-396BFD35E7DA}.Debug|x64.ActiveCfg = Debug|Any CPU
		{E6A04714-DC67-495A-B611-396BFD35E7DA}.Debug|x64.Build.0 = Debug|Any CPU
		{E6A04714-DC67-495A-B611-396BFD35E7DA}.MinSizeRel|Any CPU.ActiveCfg = Release|Any CPU
		{E6A04714-DC67-495A-B611-396BFD35E7DA}.MinSizeRel|Any CPU.Build.0 = Release|Any CPU
		{E6A04714-DC67-495A-B611-396BFD35E7DA}.MinSizeRel|x64.ActiveCfg = Release|Any CPU
		{E6A04714-DC67-495A-B611-396BFD35E7DA}.MinSizeRel|x64.Build.0 = Release|Any CPU
		{E6A04714-DC67-495A-B611-396BFD35E7DA}.Release|Any CPU.ActiveCfg = Release|Any CPU
		{E6A04714-DC67-495A-B611-396BFD35E7DA}.Release|Any CPU.Build.0 = Release|Any CPU
		{E6A04714-DC67-495A-B611-396BFD35E7DA}.Release|x64.ActiveCfg = Release|Any CPU
		{E6A04714-DC67-495A-B611-396BFD35E7DA}.Release|x64.Build.0 = Release|Any CPU
		{E6A04714-DC67-495A-B611-396BFD35E7DA}.RelWithDebInfo|Any CPU.ActiveCfg = Release|Any CPU
		{E6A04714-DC67-495A-B611-396BFD35E7DA}.RelWithDebInfo|Any CPU.Build.0 = Release|Any CPU
		{E6A04714-DC67-495A-B611-396BFD35E7DA}.RelWithDebInfo|x64.ActiveCfg = Release|Any CPU
		{E6A04714-DC67-495A-B611-396BFD35E7DA}.RelWithDebInfo|x64.Build.0 = Release|Any CPU
		{4DBC5387-A896-4B9D-864F-6BDC75B046D8}.Debug|Any CPU.ActiveCfg = Debug|Any CPU
		{4DBC5387-A896-4B9D-864F-6BDC75B046D8}.Debug|Any CPU.Build.0 = Debug|Any CPU
		{4DBC5387-A896-4B9D-864F-6BDC75B046D8}.Debug|x64.ActiveCfg = Debug|Any CPU
		{4DBC5387-A896-4B9D-864F-6BDC75B046D8}.Debug|x64.Build.0 = Debug|Any CPU
		{4DBC5387-A896-4B9D-864F-6BDC75B046D8}.MinSizeRel|Any CPU.ActiveCfg = Release|Any CPU
		{4DBC5387-A896-4B9D-864F-6BDC75B046D8}.MinSizeRel|Any CPU.Build.0 = Release|Any CPU
		{4DBC5387-A896-4B9D-864F-6BDC75B046D8}.MinSizeRel|x64.ActiveCfg = Release|Any CPU
		{4DBC5387-A896-4B9D-864F-6BDC75B046D8}.MinSizeRel|x64.Build.0 = Release|Any CPU
		{4DBC5387-A896-4B9D-864F-6BDC75B046D8}.Release|Any CPU.ActiveCfg = Release|Any CPU
		{4DBC5387-A896-4B9D-864F-6BDC75B046D8}.Release|Any CPU.Build.0 = Release|Any CPU
		{4DBC5387-A896-4B9D-864F-6BDC75B046D8}.Release|x64.ActiveCfg = Release|Any CPU
		{4DBC5387-A896-4B9D-864F-6BDC75B046D8}.Release|x64.Build.0 = Release|Any CPU
		{4DBC5387-A896-4B9D-864F-6BDC75B046D8}.RelWithDebInfo|Any CPU.ActiveCfg = Release|Any CPU
		{4DBC5387-A896-4B9D-864F-6BDC75B046D8}.RelWithDebInfo|Any CPU.Build.0 = Release|Any CPU
		{4DBC5387-A896-4B9D-864F-6BDC75B046D8}.RelWithDebInfo|x64.ActiveCfg = Release|Any CPU
		{4DBC5387-A896-4B9D-864F-6BDC75B046D8}.RelWithDebInfo|x64.Build.0 = Release|Any CPU
		{45A8B487-5FF9-3775-99FC-1B60F50896D3}.Debug|Any CPU.ActiveCfg = Debug|x64
		{45A8B487-5FF9-3775-99FC-1B60F50896D3}.Debug|x64.ActiveCfg = Debug|x64
		{45A8B487-5FF9-3775-99FC-1B60F50896D3}.Debug|x64.Build.0 = Debug|x64
		{45A8B487-5FF9-3775-99FC-1B60F50896D3}.MinSizeRel|Any CPU.ActiveCfg = MinSizeRel|x64
		{45A8B487-5FF9-3775-99FC-1B60F50896D3}.MinSizeRel|x64.ActiveCfg = MinSizeRel|x64
		{45A8B487-5FF9-3775-99FC-1B60F50896D3}.MinSizeRel|x64.Build.0 = MinSizeRel|x64
		{45A8B487-5FF9-3775-99FC-1B60F50896D3}.Release|Any CPU.ActiveCfg = Release|x64
		{45A8B487-5FF9-3775-99FC-1B60F50896D3}.Release|x64.ActiveCfg = Release|x64
		{45A8B487-5FF9-3775-99FC-1B60F50896D3}.Release|x64.Build.0 = Release|x64
		{45A8B487-5FF9-3775-99FC-1B60F50896D3}.RelWithDebInfo|Any CPU.ActiveCfg = RelWithDebInfo|x64
		{45A8B487-5FF9-3775-99FC-1B60F50896D3}.RelWithDebInfo|x64.ActiveCfg = RelWithDebInfo|x64
		{45A8B487-5FF9-3775-99FC-1B60F50896D3}.RelWithDebInfo|x64.Build.0 = RelWithDebInfo|x64
		{E16CC935-E832-32D0-8603-C2E800734BB6}.Debug|Any CPU.ActiveCfg = Debug|x64
		{E16CC935-E832-32D0-8603-C2E800734BB6}.Debug|x64.ActiveCfg = Debug|x64
		{E16CC935-E832-32D0-8603-C2E800734BB6}.Debug|x64.Build.0 = Debug|x64
		{E16CC935-E832-32D0-8603-C2E800734BB6}.MinSizeRel|Any CPU.ActiveCfg = MinSizeRel|x64
		{E16CC935-E832-32D0-8603-C2E800734BB6}.MinSizeRel|x64.ActiveCfg = MinSizeRel|x64
		{E16CC935-E832-32D0-8603-C2E800734BB6}.MinSizeRel|x64.Build.0 = MinSizeRel|x64
		{E16CC935-E832-32D0-8603-C2E800734BB6}.Release|Any CPU.ActiveCfg = Release|x64
		{E16CC935-E832-32D0-8603-C2E800734BB6}.Release|x64.ActiveCfg = Release|x64
		{E16CC935-E832-32D0-8603-C2E800734BB6}.Release|x64.Build.0 = Release|x64
		{E16CC935-E832-32D0-8603-C2E800734BB6}.RelWithDebInfo|Any CPU.ActiveCfg = RelWithDebInfo|x64
		{E16CC935-E832-32D0-8603-C2E800734BB6}.RelWithDebInfo|x64.ActiveCfg = RelWithDebInfo|x64
		{E16CC935-E832-32D0-8603-C2E800734BB6}.RelWithDebInfo|x64.Build.0 = RelWithDebInfo|x64
		{21D052EC-CFD1-383B-9CBD-807721497C41}.Debug|Any CPU.ActiveCfg = Debug|x64
		{21D052EC-CFD1-383B-9CBD-807721497C41}.Debug|x64.ActiveCfg = Debug|x64
		{21D052EC-CFD1-383B-9CBD-807721497C41}.Debug|x64.Build.0 = Debug|x64
		{21D052EC-CFD1-383B-9CBD-807721497C41}.MinSizeRel|Any CPU.ActiveCfg = MinSizeRel|x64
		{21D052EC-CFD1-383B-9CBD-807721497C41}.MinSizeRel|x64.ActiveCfg = MinSizeRel|x64
		{21D052EC-CFD1-383B-9CBD-807721497C41}.MinSizeRel|x64.Build.0 = MinSizeRel|x64
		{21D052EC-CFD1-383B-9CBD-807721497C41}.Release|Any CPU.ActiveCfg = Release|x64
		{21D052EC-CFD1-383B-9CBD-807721497C41}.Release|x64.ActiveCfg = Release|x64
		{21D052EC-CFD1-383B-9CBD-807721497C41}.Release|x64.Build.0 = Release|x64
		{21D052EC-CFD1-383B-9CBD-807721497C41}.RelWithDebInfo|Any CPU.ActiveCfg = RelWithDebInfo|x64
		{21D052EC-CFD1-383B-9CBD-807721497C41}.RelWithDebInfo|x64.ActiveCfg = RelWithDebInfo|x64
		{21D052EC-CFD1-383B-9CBD-807721497C41}.RelWithDebInfo|x64.Build.0 = RelWithDebInfo|x64
	EndGlobalSection
	GlobalSection(SolutionProperties) = preSolution
		HideSolutionNode = FALSE
	EndGlobalSection
	GlobalSection(ExtensibilityGlobals) = postSolution
		SolutionGuid = {7D73F575-05C3-4B29-87D6-35C4B9E596C5}
	EndGlobalSection
EndGlobal
