
Microsoft Visual Studio Solution File, Format Version 12.00
# Visual Studio Version 16
VisualStudioVersion = 16.0.30114.105
MinimumVisualStudioVersion = 10.0.40219.1
Project("{FAE04EC0-301F-11D3-BF4B-00C04F79EFBC}") = "recognition_test", "recognition_test\recognition_test.csproj", "{E6A04714-DC67-495A-B611-396BFD35E7DA}"
EndProject
Project("{FAE04EC0-301F-11D3-BF4B-00C04F79EFBC}") = "Parser", "Parser\Parser.csproj", "{4DBC5387-A896-4B9D-864F-6BDC75B046D8}"
EndProject
Global
	GlobalSection(SolutionConfigurationPlatforms) = preSolution
		Debug|Any CPU = Debug|Any CPU
		Release|Any CPU = Release|Any CPU
	EndGlobalSection
	GlobalSection(ProjectConfigurationPlatforms) = postSolution
		{E6A04714-DC67-495A-B611-396BFD35E7DA}.Debug|Any CPU.ActiveCfg = Debug|Any CPU
		{E6A04714-DC67-495A-B611-396BFD35E7DA}.Debug|Any CPU.Build.0 = Debug|Any CPU
		{E6A04714-DC67-495A-B611-396BFD35E7DA}.Release|Any CPU.ActiveCfg = Release|Any CPU
		{E6A04714-DC67-495A-B611-396BFD35E7DA}.Release|Any CPU.Build.0 = Release|Any CPU
		{4DBC5387-A896-4B9D-864F-6BDC75B046D8}.Debug|Any CPU.ActiveCfg = Debug|Any CPU
		{4DBC5387-A896-4B9D-864F-6BDC75B046D8}.Debug|Any CPU.Build.0 = Debug|Any CPU
		{4DBC5387-A896-4B9D-864F-6BDC75B046D8}.Release|Any CPU.ActiveCfg = Release|Any CPU
		{4DBC5387-A896-4B9D-864F-6BDC75B046D8}.Release|Any CPU.Build.0 = Release|Any CPU
	EndGlobalSection
	GlobalSection(SolutionProperties) = preSolution
		HideSolutionNode = FALSE
	EndGlobalSection
	GlobalSection(ExtensibilityGlobals) = postSolution
		SolutionGuid = {7D73F575-05C3-4B29-87D6-35C4B9E596C5}
	EndGlobalSection
EndGlobal
